// !$*UTF8*$!
{
	archiveVersion = 1;
	classes = {
	};
	objectVersion = 56;
	objects = {

/* Begin PBXBuildFile section */
		25B7AEAE29E322CB00FB1186 /* MixplorerUIApp.swift in Sources */ = {isa = PBXBuildFile; fileRef = 25B7AEAD29E322CB00FB1186 /* MixplorerUIApp.swift */; };
		25B7AEB029E322CB00FB1186 /* ContentView.swift in Sources */ = {isa = PBXBuildFile; fileRef = 25B7AEAF29E322CB00FB1186 /* ContentView.swift */; };
		25B7AEB529E322CC00FB1186 /* Preview Assets.xcassets in Resources */ = {isa = PBXBuildFile; fileRef = 25B7AEB429E322CC00FB1186 /* Preview Assets.xcassets */; };
		25B7AEBF29E3233500FB1186 /* HalfASheet in Frameworks */ = {isa = PBXBuildFile; productRef = 25B7AEBE29E3233500FB1186 /* HalfASheet */; };
		25B7AEF329E3267500FB1186 /* Utilities.swift in Sources */ = {isa = PBXBuildFile; fileRef = 25B7AEE829E3267500FB1186 /* Utilities.swift */; };
		25B7AEF429E3267500FB1186 /* VirtualObject.swift in Sources */ = {isa = PBXBuildFile; fileRef = 25B7AEE929E3267500FB1186 /* VirtualObject.swift */; };
		25B7AEF529E3267500FB1186 /* MainViewWrapper.swift in Sources */ = {isa = PBXBuildFile; fileRef = 25B7AEEA29E3267500FB1186 /* MainViewWrapper.swift */; };
		25B7AEF729E3267500FB1186 /* TextManager.swift in Sources */ = {isa = PBXBuildFile; fileRef = 25B7AEEC29E3267500FB1186 /* TextManager.swift */; };
		25B7AEF829E3267500FB1186 /* VirtualObjectSelectionViewController.swift in Sources */ = {isa = PBXBuildFile; fileRef = 25B7AEED29E3267500FB1186 /* VirtualObjectSelectionViewController.swift */; };
		25B7AEF929E3267500FB1186 /* MainViewController.swift in Sources */ = {isa = PBXBuildFile; fileRef = 25B7AEEE29E3267500FB1186 /* MainViewController.swift */; };
		25B7AEFA29E3267500FB1186 /* ScieneView+Extension.swift in Sources */ = {isa = PBXBuildFile; fileRef = 25B7AEEF29E3267500FB1186 /* ScieneView+Extension.swift */; };
		25B7AEFB29E3267500FB1186 /* SettingsViewController.swift in Sources */ = {isa = PBXBuildFile; fileRef = 25B7AEF029E3267500FB1186 /* SettingsViewController.swift */; };
		25B7AEFC29E3267500FB1186 /* ARCameraTrackingState.swift in Sources */ = {isa = PBXBuildFile; fileRef = 25B7AEF129E3267500FB1186 /* ARCameraTrackingState.swift */; };
		25B7AEFF29E3280500FB1186 /* Plane.swift in Sources */ = {isa = PBXBuildFile; fileRef = 25B7AEFE29E3280500FB1186 /* Plane.swift */; };
		25B7AF0429E3281500FB1186 /* PlaneDebugVisualization.swift in Sources */ = {isa = PBXBuildFile; fileRef = 25B7AF0029E3281500FB1186 /* PlaneDebugVisualization.swift */; };
		25B7AF0529E3281500FB1186 /* HitTestVisualization.swift in Sources */ = {isa = PBXBuildFile; fileRef = 25B7AF0329E3281500FB1186 /* HitTestVisualization.swift */; };
		25B7AF0629E3281500FB1186 /* FocusSquare.swift in Sources */ = {isa = PBXBuildFile; fileRef = 25B7AF0229E3281500FB1186 /* FocusSquare.swift */; };
		25B7AF0729E3281500FB1186 /* Gesture.swift in Sources */ = {isa = PBXBuildFile; fileRef = 25B7AF0129E3281500FB1186 /* Gesture.swift */; };
		25B7AF0E29E3282C00FB1186 /* Candle.swift in Sources */ = {isa = PBXBuildFile; fileRef = 25B7AF0829E3282C00FB1186 /* Candle.swift */; };
		25B7AF0F29E3282C00FB1186 /* Chair.swift in Sources */ = {isa = PBXBuildFile; fileRef = 25B7AF0A29E3282C00FB1186 /* Chair.swift */; };
		25B7AF1029E3282C00FB1186 /* Cup.swift in Sources */ = {isa = PBXBuildFile; fileRef = 25B7AF0B29E3282C00FB1186 /* Cup.swift */; };
		25B7AF1129E3282C00FB1186 /* Lamp.swift in Sources */ = {isa = PBXBuildFile; fileRef = 25B7AF0929E3282C00FB1186 /* Lamp.swift */; };
		25B7AF1229E3282C00FB1186 /* VirtualObjectsManager.swift in Sources */ = {isa = PBXBuildFile; fileRef = 25B7AF0D29E3282C00FB1186 /* VirtualObjectsManager.swift */; };
		25B7AF1329E3282C00FB1186 /* Vase.swift in Sources */ = {isa = PBXBuildFile; fileRef = 25B7AF0C29E3282C00FB1186 /* Vase.swift */; };
		25B7AF1529E328FE00FB1186 /* Main.storyboard in Resources */ = {isa = PBXBuildFile; fileRef = 25B7AF1429E328FE00FB1186 /* Main.storyboard */; };
		25B7AF1729E32B6A00FB1186 /* Models.scnassets in Resources */ = {isa = PBXBuildFile; fileRef = 25B7AF1629E32B6A00FB1186 /* Models.scnassets */; };
		25B7AF1E29E3544300FB1186 /* GUIView.swift in Sources */ = {isa = PBXBuildFile; fileRef = 25B7AF1829E3544300FB1186 /* GUIView.swift */; };
		25B7AF2029E3544300FB1186 /* SideMenuView.swift in Sources */ = {isa = PBXBuildFile; fileRef = 25B7AF1A29E3544300FB1186 /* SideMenuView.swift */; };
		25B7AF2129E3544300FB1186 /* PlantsView.swift in Sources */ = {isa = PBXBuildFile; fileRef = 25B7AF1B29E3544300FB1186 /* PlantsView.swift */; };
		25B7AF2229E3544300FB1186 /* TTView.swift in Sources */ = {isa = PBXBuildFile; fileRef = 25B7AF1C29E3544300FB1186 /* TTView.swift */; };
		25B7AF2329E3544300FB1186 /* PropertiesView.swift in Sources */ = {isa = PBXBuildFile; fileRef = 25B7AF1D29E3544300FB1186 /* PropertiesView.swift */; };
		25B7AF2529E356CB00FB1186 /* Assets in Resources */ = {isa = PBXBuildFile; fileRef = 25B7AF2429E356CB00FB1186 /* Assets */; };
		25B7AF2729E35CF000FB1186 /* Assets.xcassets in Resources */ = {isa = PBXBuildFile; fileRef = 25B7AF2629E35CF000FB1186 /* Assets.xcassets */; };
		88D0188729E35F790099D3E1 /* GoogleService-Info.plist in Resources */ = {isa = PBXBuildFile; fileRef = 88D0188629E35F790099D3E1 /* GoogleService-Info.plist */; };
		88D0188A29E35FB00099D3E1 /* FirebaseAnalytics in Frameworks */ = {isa = PBXBuildFile; productRef = 88D0188929E35FB00099D3E1 /* FirebaseAnalytics */; };
		88D0188C29E35FB00099D3E1 /* FirebaseAnalyticsOnDeviceConversion in Frameworks */ = {isa = PBXBuildFile; productRef = 88D0188B29E35FB00099D3E1 /* FirebaseAnalyticsOnDeviceConversion */; };
		88D0188E29E35FB00099D3E1 /* FirebaseAnalyticsSwift in Frameworks */ = {isa = PBXBuildFile; productRef = 88D0188D29E35FB00099D3E1 /* FirebaseAnalyticsSwift */; };
		88D0189029E35FB00099D3E1 /* FirebaseAnalyticsWithoutAdIdSupport in Frameworks */ = {isa = PBXBuildFile; productRef = 88D0188F29E35FB00099D3E1 /* FirebaseAnalyticsWithoutAdIdSupport */; };
		88D0189229E35FB00099D3E1 /* FirebaseAppCheck in Frameworks */ = {isa = PBXBuildFile; productRef = 88D0189129E35FB00099D3E1 /* FirebaseAppCheck */; };
		88D0189429E35FB00099D3E1 /* FirebaseAuth in Frameworks */ = {isa = PBXBuildFile; productRef = 88D0189329E35FB00099D3E1 /* FirebaseAuth */; };
		88D0189629E35FB00099D3E1 /* FirebaseDatabase in Frameworks */ = {isa = PBXBuildFile; productRef = 88D0189529E35FB00099D3E1 /* FirebaseDatabase */; };
		88D0189829E35FB00099D3E1 /* FirebaseFirestore in Frameworks */ = {isa = PBXBuildFile; productRef = 88D0189729E35FB00099D3E1 /* FirebaseFirestore */; };
		88D0189A29E35FB00099D3E1 /* FirebaseStorage in Frameworks */ = {isa = PBXBuildFile; productRef = 88D0189929E35FB00099D3E1 /* FirebaseStorage */; };
/* End PBXBuildFile section */

/* Begin PBXFileReference section */
		25B7AEAA29E322CB00FB1186 /* MixplorerUI.app */ = {isa = PBXFileReference; explicitFileType = wrapper.application; includeInIndex = 0; path = MixplorerUI.app; sourceTree = BUILT_PRODUCTS_DIR; };
		25B7AEAD29E322CB00FB1186 /* MixplorerUIApp.swift */ = {isa = PBXFileReference; lastKnownFileType = sourcecode.swift; path = MixplorerUIApp.swift; sourceTree = "<group>"; };
		25B7AEAF29E322CB00FB1186 /* ContentView.swift */ = {isa = PBXFileReference; lastKnownFileType = sourcecode.swift; path = ContentView.swift; sourceTree = "<group>"; };
		25B7AEB429E322CC00FB1186 /* Preview Assets.xcassets */ = {isa = PBXFileReference; lastKnownFileType = folder.assetcatalog; path = "Preview Assets.xcassets"; sourceTree = "<group>"; };
		25B7AEE829E3267500FB1186 /* Utilities.swift */ = {isa = PBXFileReference; fileEncoding = 4; lastKnownFileType = sourcecode.swift; name = Utilities.swift; path = ARKitProject/Utilities.swift; sourceTree = "<group>"; };
		25B7AEE929E3267500FB1186 /* VirtualObject.swift */ = {isa = PBXFileReference; fileEncoding = 4; lastKnownFileType = sourcecode.swift; name = VirtualObject.swift; path = ARKitProject/VirtualObject.swift; sourceTree = "<group>"; };
		25B7AEEA29E3267500FB1186 /* MainViewWrapper.swift */ = {isa = PBXFileReference; fileEncoding = 4; lastKnownFileType = sourcecode.swift; name = MainViewWrapper.swift; path = ARKitProject/MainViewWrapper.swift; sourceTree = "<group>"; };
		25B7AEEC29E3267500FB1186 /* TextManager.swift */ = {isa = PBXFileReference; fileEncoding = 4; lastKnownFileType = sourcecode.swift; name = TextManager.swift; path = ARKitProject/TextManager.swift; sourceTree = "<group>"; };
		25B7AEED29E3267500FB1186 /* VirtualObjectSelectionViewController.swift */ = {isa = PBXFileReference; fileEncoding = 4; lastKnownFileType = sourcecode.swift; name = VirtualObjectSelectionViewController.swift; path = ARKitProject/VirtualObjectSelectionViewController.swift; sourceTree = "<group>"; };
		25B7AEEE29E3267500FB1186 /* MainViewController.swift */ = {isa = PBXFileReference; fileEncoding = 4; lastKnownFileType = sourcecode.swift; name = MainViewController.swift; path = ARKitProject/MainViewController.swift; sourceTree = "<group>"; };
		25B7AEEF29E3267500FB1186 /* ScieneView+Extension.swift */ = {isa = PBXFileReference; fileEncoding = 4; lastKnownFileType = sourcecode.swift; name = "ScieneView+Extension.swift"; path = "ARKitProject/ScieneView+Extension.swift"; sourceTree = "<group>"; };
		25B7AEF029E3267500FB1186 /* SettingsViewController.swift */ = {isa = PBXFileReference; fileEncoding = 4; lastKnownFileType = sourcecode.swift; name = SettingsViewController.swift; path = ARKitProject/SettingsViewController.swift; sourceTree = "<group>"; };
		25B7AEF129E3267500FB1186 /* ARCameraTrackingState.swift */ = {isa = PBXFileReference; fileEncoding = 4; lastKnownFileType = sourcecode.swift; name = ARCameraTrackingState.swift; path = ARKitProject/ARCameraTrackingState.swift; sourceTree = "<group>"; };
		25B7AEFE29E3280500FB1186 /* Plane.swift */ = {isa = PBXFileReference; lastKnownFileType = sourcecode.swift; path = Plane.swift; sourceTree = "<group>"; };
		25B7AF0029E3281500FB1186 /* PlaneDebugVisualization.swift */ = {isa = PBXFileReference; lastKnownFileType = sourcecode.swift; path = PlaneDebugVisualization.swift; sourceTree = "<group>"; };
		25B7AF0129E3281500FB1186 /* Gesture.swift */ = {isa = PBXFileReference; lastKnownFileType = sourcecode.swift; path = Gesture.swift; sourceTree = "<group>"; };
		25B7AF0229E3281500FB1186 /* FocusSquare.swift */ = {isa = PBXFileReference; lastKnownFileType = sourcecode.swift; path = FocusSquare.swift; sourceTree = "<group>"; };
		25B7AF0329E3281500FB1186 /* HitTestVisualization.swift */ = {isa = PBXFileReference; lastKnownFileType = sourcecode.swift; path = HitTestVisualization.swift; sourceTree = "<group>"; };
		25B7AF0829E3282C00FB1186 /* Candle.swift */ = {isa = PBXFileReference; lastKnownFileType = sourcecode.swift; path = Candle.swift; sourceTree = "<group>"; };
		25B7AF0929E3282C00FB1186 /* Lamp.swift */ = {isa = PBXFileReference; lastKnownFileType = sourcecode.swift; path = Lamp.swift; sourceTree = "<group>"; };
		25B7AF0A29E3282C00FB1186 /* Chair.swift */ = {isa = PBXFileReference; lastKnownFileType = sourcecode.swift; path = Chair.swift; sourceTree = "<group>"; };
		25B7AF0B29E3282C00FB1186 /* Cup.swift */ = {isa = PBXFileReference; lastKnownFileType = sourcecode.swift; path = Cup.swift; sourceTree = "<group>"; };
		25B7AF0C29E3282C00FB1186 /* Vase.swift */ = {isa = PBXFileReference; lastKnownFileType = sourcecode.swift; path = Vase.swift; sourceTree = "<group>"; };
		25B7AF0D29E3282C00FB1186 /* VirtualObjectsManager.swift */ = {isa = PBXFileReference; lastKnownFileType = sourcecode.swift; path = VirtualObjectsManager.swift; sourceTree = "<group>"; };
		25B7AF1429E328FE00FB1186 /* Main.storyboard */ = {isa = PBXFileReference; fileEncoding = 4; lastKnownFileType = file.storyboard; path = Main.storyboard; sourceTree = "<group>"; };
		25B7AF1629E32B6A00FB1186 /* Models.scnassets */ = {isa = PBXFileReference; lastKnownFileType = wrapper.scnassets; name = Models.scnassets; path = MixplorerUI/Models.scnassets; sourceTree = "<group>"; };
		25B7AF1829E3544300FB1186 /* GUIView.swift */ = {isa = PBXFileReference; fileEncoding = 4; lastKnownFileType = sourcecode.swift; path = GUIView.swift; sourceTree = "<group>"; };
		25B7AF1A29E3544300FB1186 /* SideMenuView.swift */ = {isa = PBXFileReference; fileEncoding = 4; lastKnownFileType = sourcecode.swift; path = SideMenuView.swift; sourceTree = "<group>"; };
		25B7AF1B29E3544300FB1186 /* PlantsView.swift */ = {isa = PBXFileReference; fileEncoding = 4; lastKnownFileType = sourcecode.swift; path = PlantsView.swift; sourceTree = "<group>"; };
		25B7AF1C29E3544300FB1186 /* TTView.swift */ = {isa = PBXFileReference; fileEncoding = 4; lastKnownFileType = sourcecode.swift; path = TTView.swift; sourceTree = "<group>"; };
		25B7AF1D29E3544300FB1186 /* PropertiesView.swift */ = {isa = PBXFileReference; fileEncoding = 4; lastKnownFileType = sourcecode.swift; path = PropertiesView.swift; sourceTree = "<group>"; };
		25B7AF2429E356CB00FB1186 /* Assets */ = {isa = PBXFileReference; lastKnownFileType = folder; name = Assets; path = MixplorerUI/Assets; sourceTree = "<group>"; };
		25B7AF2629E35CF000FB1186 /* Assets.xcassets */ = {isa = PBXFileReference; lastKnownFileType = folder.assetcatalog; path = Assets.xcassets; sourceTree = "<group>"; };
		88D0188629E35F790099D3E1 /* GoogleService-Info.plist */ = {isa = PBXFileReference; fileEncoding = 4; lastKnownFileType = text.plist.xml; path = "GoogleService-Info.plist"; sourceTree = "<group>"; };
/* End PBXFileReference section */

/* Begin PBXFrameworksBuildPhase section */
		25B7AEA729E322CB00FB1186 /* Frameworks */ = {
			isa = PBXFrameworksBuildPhase;
			buildActionMask = 2147483647;
			files = (
				88D0188E29E35FB00099D3E1 /* FirebaseAnalyticsSwift in Frameworks */,
				88D0189029E35FB00099D3E1 /* FirebaseAnalyticsWithoutAdIdSupport in Frameworks */,
				88D0188A29E35FB00099D3E1 /* FirebaseAnalytics in Frameworks */,
				88D0189A29E35FB00099D3E1 /* FirebaseStorage in Frameworks */,
				88D0188C29E35FB00099D3E1 /* FirebaseAnalyticsOnDeviceConversion in Frameworks */,
				88D0189229E35FB00099D3E1 /* FirebaseAppCheck in Frameworks */,
				88D0189829E35FB00099D3E1 /* FirebaseFirestore in Frameworks */,
				88D0189429E35FB00099D3E1 /* FirebaseAuth in Frameworks */,
				88D0189629E35FB00099D3E1 /* FirebaseDatabase in Frameworks */,
				25B7AEBF29E3233500FB1186 /* HalfASheet in Frameworks */,
			);
			runOnlyForDeploymentPostprocessing = 0;
		};
/* End PBXFrameworksBuildPhase section */

/* Begin PBXGroup section */
		25B7AEA129E322CB00FB1186 = {
			isa = PBXGroup;
			children = (
				25B7AF2429E356CB00FB1186 /* Assets */,
				25B7AF1629E32B6A00FB1186 /* Models.scnassets */,
				25B7AEAC29E322CB00FB1186 /* MixplorerUI */,
				25B7AEAB29E322CB00FB1186 /* Products */,
			);
			sourceTree = "<group>";
		};
		25B7AEAB29E322CB00FB1186 /* Products */ = {
			isa = PBXGroup;
			children = (
				25B7AEAA29E322CB00FB1186 /* MixplorerUI.app */,
			);
			name = Products;
			sourceTree = "<group>";
		};
		25B7AEAC29E322CB00FB1186 /* MixplorerUI */ = {
			isa = PBXGroup;
			children = (
				88D0188629E35F790099D3E1 /* GoogleService-Info.plist */,
				25B7AF1829E3544300FB1186 /* GUIView.swift */,
				25B7AF1B29E3544300FB1186 /* PlantsView.swift */,
				25B7AF1D29E3544300FB1186 /* PropertiesView.swift */,
				25B7AF1C29E3544300FB1186 /* TTView.swift */,
				25B7AF1A29E3544300FB1186 /* SideMenuView.swift */,
				25B7AEAD29E322CB00FB1186 /* MixplorerUIApp.swift */,
				25B7AEAF29E322CB00FB1186 /* ContentView.swift */,
				25B7AF2629E35CF000FB1186 /* Assets.xcassets */,
				25B7AF1429E328FE00FB1186 /* Main.storyboard */,
				25B7AEF129E3267500FB1186 /* ARCameraTrackingState.swift */,
				25B7AEEE29E3267500FB1186 /* MainViewController.swift */,
				25B7AEEA29E3267500FB1186 /* MainViewWrapper.swift */,
				25B7AEEF29E3267500FB1186 /* ScieneView+Extension.swift */,
				25B7AEF029E3267500FB1186 /* SettingsViewController.swift */,
				25B7AEEC29E3267500FB1186 /* TextManager.swift */,
				25B7AEFE29E3280500FB1186 /* Plane.swift */,
				25B7AF0229E3281500FB1186 /* FocusSquare.swift */,
				25B7AF0129E3281500FB1186 /* Gesture.swift */,
				25B7AF0329E3281500FB1186 /* HitTestVisualization.swift */,
				25B7AF0029E3281500FB1186 /* PlaneDebugVisualization.swift */,
				25B7AF0829E3282C00FB1186 /* Candle.swift */,
				25B7AF0A29E3282C00FB1186 /* Chair.swift */,
				25B7AF0B29E3282C00FB1186 /* Cup.swift */,
				25B7AF0929E3282C00FB1186 /* Lamp.swift */,
				25B7AF0C29E3282C00FB1186 /* Vase.swift */,
				25B7AF0D29E3282C00FB1186 /* VirtualObjectsManager.swift */,
				25B7AEE829E3267500FB1186 /* Utilities.swift */,
				25B7AEE929E3267500FB1186 /* VirtualObject.swift */,
				25B7AEED29E3267500FB1186 /* VirtualObjectSelectionViewController.swift */,
				25B7AEB329E322CC00FB1186 /* Preview Content */,
			);
			path = MixplorerUI;
			sourceTree = "<group>";
		};
		25B7AEB329E322CC00FB1186 /* Preview Content */ = {
			isa = PBXGroup;
			children = (
				25B7AEB429E322CC00FB1186 /* Preview Assets.xcassets */,
			);
			path = "Preview Content";
			sourceTree = "<group>";
		};
/* End PBXGroup section */

/* Begin PBXNativeTarget section */
		25B7AEA929E322CB00FB1186 /* MixplorerUI */ = {
			isa = PBXNativeTarget;
			buildConfigurationList = 25B7AEB829E322CC00FB1186 /* Build configuration list for PBXNativeTarget "MixplorerUI" */;
			buildPhases = (
				25B7AEA629E322CB00FB1186 /* Sources */,
				25B7AEA729E322CB00FB1186 /* Frameworks */,
				25B7AEA829E322CB00FB1186 /* Resources */,
			);
			buildRules = (
			);
			dependencies = (
			);
			name = MixplorerUI;
			packageProductDependencies = (
				25B7AEBE29E3233500FB1186 /* HalfASheet */,
				88D0188929E35FB00099D3E1 /* FirebaseAnalytics */,
				88D0188B29E35FB00099D3E1 /* FirebaseAnalyticsOnDeviceConversion */,
				88D0188D29E35FB00099D3E1 /* FirebaseAnalyticsSwift */,
				88D0188F29E35FB00099D3E1 /* FirebaseAnalyticsWithoutAdIdSupport */,
				88D0189129E35FB00099D3E1 /* FirebaseAppCheck */,
				88D0189329E35FB00099D3E1 /* FirebaseAuth */,
				88D0189529E35FB00099D3E1 /* FirebaseDatabase */,
				88D0189729E35FB00099D3E1 /* FirebaseFirestore */,
				88D0189929E35FB00099D3E1 /* FirebaseStorage */,
			);
			productName = MixplorerUI;
			productReference = 25B7AEAA29E322CB00FB1186 /* MixplorerUI.app */;
			productType = "com.apple.product-type.application";
		};
/* End PBXNativeTarget section */

/* Begin PBXProject section */
		25B7AEA229E322CB00FB1186 /* Project object */ = {
			isa = PBXProject;
			attributes = {
				BuildIndependentTargetsInParallel = 1;
				LastSwiftUpdateCheck = 1430;
				LastUpgradeCheck = 1430;
				TargetAttributes = {
					25B7AEA929E322CB00FB1186 = {
						CreatedOnToolsVersion = 14.3;
					};
				};
			};
			buildConfigurationList = 25B7AEA529E322CB00FB1186 /* Build configuration list for PBXProject "MixplorerUI" */;
			compatibilityVersion = "Xcode 14.0";
			developmentRegion = en;
			hasScannedForEncodings = 0;
			knownRegions = (
				en,
				Base,
			);
			mainGroup = 25B7AEA129E322CB00FB1186;
			packageReferences = (
				25B7AEBD29E3233500FB1186 /* XCRemoteSwiftPackageReference "HalfASheet" */,
				88D0188829E35FB00099D3E1 /* XCRemoteSwiftPackageReference "firebase-ios-sdk" */,
			);
			productRefGroup = 25B7AEAB29E322CB00FB1186 /* Products */;
			projectDirPath = "";
			projectRoot = "";
			targets = (
				25B7AEA929E322CB00FB1186 /* MixplorerUI */,
			);
		};
/* End PBXProject section */

/* Begin PBXResourcesBuildPhase section */
		25B7AEA829E322CB00FB1186 /* Resources */ = {
			isa = PBXResourcesBuildPhase;
			buildActionMask = 2147483647;
			files = (
				25B7AF2529E356CB00FB1186 /* Assets in Resources */,
				25B7AEB529E322CC00FB1186 /* Preview Assets.xcassets in Resources */,
				25B7AF1529E328FE00FB1186 /* Main.storyboard in Resources */,
				25B7AF1729E32B6A00FB1186 /* Models.scnassets in Resources */,
				25B7AF2729E35CF000FB1186 /* Assets.xcassets in Resources */,
				88D0188729E35F790099D3E1 /* GoogleService-Info.plist in Resources */,
			);
			runOnlyForDeploymentPostprocessing = 0;
		};
/* End PBXResourcesBuildPhase section */

/* Begin PBXSourcesBuildPhase section */
		25B7AEA629E322CB00FB1186 /* Sources */ = {
			isa = PBXSourcesBuildPhase;
			buildActionMask = 2147483647;
			files = (
				25B7AF1129E3282C00FB1186 /* Lamp.swift in Sources */,
				25B7AF0E29E3282C00FB1186 /* Candle.swift in Sources */,
				25B7AF0729E3281500FB1186 /* Gesture.swift in Sources */,
				25B7AEF829E3267500FB1186 /* VirtualObjectSelectionViewController.swift in Sources */,
				25B7AEF929E3267500FB1186 /* MainViewController.swift in Sources */,
				25B7AF1029E3282C00FB1186 /* Cup.swift in Sources */,
				25B7AF0F29E3282C00FB1186 /* Chair.swift in Sources */,
				25B7AF2029E3544300FB1186 /* SideMenuView.swift in Sources */,
				25B7AEFA29E3267500FB1186 /* ScieneView+Extension.swift in Sources */,
				25B7AEFF29E3280500FB1186 /* Plane.swift in Sources */,
				25B7AF1E29E3544300FB1186 /* GUIView.swift in Sources */,
				25B7AF2129E3544300FB1186 /* PlantsView.swift in Sources */,
				25B7AEF729E3267500FB1186 /* TextManager.swift in Sources */,
				25B7AF0529E3281500FB1186 /* HitTestVisualization.swift in Sources */,
				25B7AF2329E3544300FB1186 /* PropertiesView.swift in Sources */,
				25B7AEFC29E3267500FB1186 /* ARCameraTrackingState.swift in Sources */,
				25B7AF0629E3281500FB1186 /* FocusSquare.swift in Sources */,
				25B7AEF529E3267500FB1186 /* MainViewWrapper.swift in Sources */,
				25B7AEFB29E3267500FB1186 /* SettingsViewController.swift in Sources */,
				25B7AEB029E322CB00FB1186 /* ContentView.swift in Sources */,
				25B7AF0429E3281500FB1186 /* PlaneDebugVisualization.swift in Sources */,
				25B7AEF429E3267500FB1186 /* VirtualObject.swift in Sources */,
				25B7AEF329E3267500FB1186 /* Utilities.swift in Sources */,
				25B7AF1329E3282C00FB1186 /* Vase.swift in Sources */,
				25B7AF1229E3282C00FB1186 /* VirtualObjectsManager.swift in Sources */,
				25B7AF2229E3544300FB1186 /* TTView.swift in Sources */,
				25B7AEAE29E322CB00FB1186 /* MixplorerUIApp.swift in Sources */,
			);
			runOnlyForDeploymentPostprocessing = 0;
		};
/* End PBXSourcesBuildPhase section */

/* Begin XCBuildConfiguration section */
		25B7AEB629E322CC00FB1186 /* Debug */ = {
			isa = XCBuildConfiguration;
			buildSettings = {
				ALWAYS_SEARCH_USER_PATHS = NO;
				CLANG_ANALYZER_NONNULL = YES;
				CLANG_ANALYZER_NUMBER_OBJECT_CONVERSION = YES_AGGRESSIVE;
				CLANG_CXX_LANGUAGE_STANDARD = "gnu++20";
				CLANG_ENABLE_MODULES = YES;
				CLANG_ENABLE_OBJC_ARC = YES;
				CLANG_ENABLE_OBJC_WEAK = YES;
				CLANG_WARN_BLOCK_CAPTURE_AUTORELEASING = YES;
				CLANG_WARN_BOOL_CONVERSION = YES;
				CLANG_WARN_COMMA = YES;
				CLANG_WARN_CONSTANT_CONVERSION = YES;
				CLANG_WARN_DEPRECATED_OBJC_IMPLEMENTATIONS = YES;
				CLANG_WARN_DIRECT_OBJC_ISA_USAGE = YES_ERROR;
				CLANG_WARN_DOCUMENTATION_COMMENTS = YES;
				CLANG_WARN_EMPTY_BODY = YES;
				CLANG_WARN_ENUM_CONVERSION = YES;
				CLANG_WARN_INFINITE_RECURSION = YES;
				CLANG_WARN_INT_CONVERSION = YES;
				CLANG_WARN_NON_LITERAL_NULL_CONVERSION = YES;
				CLANG_WARN_OBJC_IMPLICIT_RETAIN_SELF = YES;
				CLANG_WARN_OBJC_LITERAL_CONVERSION = YES;
				CLANG_WARN_OBJC_ROOT_CLASS = YES_ERROR;
				CLANG_WARN_QUOTED_INCLUDE_IN_FRAMEWORK_HEADER = YES;
				CLANG_WARN_RANGE_LOOP_ANALYSIS = YES;
				CLANG_WARN_STRICT_PROTOTYPES = YES;
				CLANG_WARN_SUSPICIOUS_MOVE = YES;
				CLANG_WARN_UNGUARDED_AVAILABILITY = YES_AGGRESSIVE;
				CLANG_WARN_UNREACHABLE_CODE = YES;
				CLANG_WARN__DUPLICATE_METHOD_MATCH = YES;
				COPY_PHASE_STRIP = NO;
				DEBUG_INFORMATION_FORMAT = dwarf;
				ENABLE_STRICT_OBJC_MSGSEND = YES;
				ENABLE_TESTABILITY = YES;
				GCC_C_LANGUAGE_STANDARD = gnu11;
				GCC_DYNAMIC_NO_PIC = NO;
				GCC_NO_COMMON_BLOCKS = YES;
				GCC_OPTIMIZATION_LEVEL = 0;
				GCC_PREPROCESSOR_DEFINITIONS = (
					"DEBUG=1",
					"$(inherited)",
				);
				GCC_WARN_64_TO_32_BIT_CONVERSION = YES;
				GCC_WARN_ABOUT_RETURN_TYPE = YES_ERROR;
				GCC_WARN_UNDECLARED_SELECTOR = YES;
				GCC_WARN_UNINITIALIZED_AUTOS = YES_AGGRESSIVE;
				GCC_WARN_UNUSED_FUNCTION = YES;
				GCC_WARN_UNUSED_VARIABLE = YES;
				IPHONEOS_DEPLOYMENT_TARGET = 16.4;
				MTL_ENABLE_DEBUG_INFO = INCLUDE_SOURCE;
				MTL_FAST_MATH = YES;
				ONLY_ACTIVE_ARCH = YES;
				SDKROOT = iphoneos;
				SWIFT_ACTIVE_COMPILATION_CONDITIONS = DEBUG;
				SWIFT_OPTIMIZATION_LEVEL = "-Onone";
			};
			name = Debug;
		};
		25B7AEB729E322CC00FB1186 /* Release */ = {
			isa = XCBuildConfiguration;
			buildSettings = {
				ALWAYS_SEARCH_USER_PATHS = NO;
				CLANG_ANALYZER_NONNULL = YES;
				CLANG_ANALYZER_NUMBER_OBJECT_CONVERSION = YES_AGGRESSIVE;
				CLANG_CXX_LANGUAGE_STANDARD = "gnu++20";
				CLANG_ENABLE_MODULES = YES;
				CLANG_ENABLE_OBJC_ARC = YES;
				CLANG_ENABLE_OBJC_WEAK = YES;
				CLANG_WARN_BLOCK_CAPTURE_AUTORELEASING = YES;
				CLANG_WARN_BOOL_CONVERSION = YES;
				CLANG_WARN_COMMA = YES;
				CLANG_WARN_CONSTANT_CONVERSION = YES;
				CLANG_WARN_DEPRECATED_OBJC_IMPLEMENTATIONS = YES;
				CLANG_WARN_DIRECT_OBJC_ISA_USAGE = YES_ERROR;
				CLANG_WARN_DOCUMENTATION_COMMENTS = YES;
				CLANG_WARN_EMPTY_BODY = YES;
				CLANG_WARN_ENUM_CONVERSION = YES;
				CLANG_WARN_INFINITE_RECURSION = YES;
				CLANG_WARN_INT_CONVERSION = YES;
				CLANG_WARN_NON_LITERAL_NULL_CONVERSION = YES;
				CLANG_WARN_OBJC_IMPLICIT_RETAIN_SELF = YES;
				CLANG_WARN_OBJC_LITERAL_CONVERSION = YES;
				CLANG_WARN_OBJC_ROOT_CLASS = YES_ERROR;
				CLANG_WARN_QUOTED_INCLUDE_IN_FRAMEWORK_HEADER = YES;
				CLANG_WARN_RANGE_LOOP_ANALYSIS = YES;
				CLANG_WARN_STRICT_PROTOTYPES = YES;
				CLANG_WARN_SUSPICIOUS_MOVE = YES;
				CLANG_WARN_UNGUARDED_AVAILABILITY = YES_AGGRESSIVE;
				CLANG_WARN_UNREACHABLE_CODE = YES;
				CLANG_WARN__DUPLICATE_METHOD_MATCH = YES;
				COPY_PHASE_STRIP = NO;
				DEBUG_INFORMATION_FORMAT = "dwarf-with-dsym";
				ENABLE_NS_ASSERTIONS = NO;
				ENABLE_STRICT_OBJC_MSGSEND = YES;
				GCC_C_LANGUAGE_STANDARD = gnu11;
				GCC_NO_COMMON_BLOCKS = YES;
				GCC_WARN_64_TO_32_BIT_CONVERSION = YES;
				GCC_WARN_ABOUT_RETURN_TYPE = YES_ERROR;
				GCC_WARN_UNDECLARED_SELECTOR = YES;
				GCC_WARN_UNINITIALIZED_AUTOS = YES_AGGRESSIVE;
				GCC_WARN_UNUSED_FUNCTION = YES;
				GCC_WARN_UNUSED_VARIABLE = YES;
				IPHONEOS_DEPLOYMENT_TARGET = 16.4;
				MTL_ENABLE_DEBUG_INFO = NO;
				MTL_FAST_MATH = YES;
				SDKROOT = iphoneos;
				SWIFT_COMPILATION_MODE = wholemodule;
				SWIFT_OPTIMIZATION_LEVEL = "-O";
				VALIDATE_PRODUCT = YES;
			};
			name = Release;
		};
		25B7AEB929E322CC00FB1186 /* Debug */ = {
			isa = XCBuildConfiguration;
			buildSettings = {
				ASSETCATALOG_COMPILER_APPICON_NAME = AppIcon;
				ASSETCATALOG_COMPILER_GLOBAL_ACCENT_COLOR_NAME = AccentColor;
				CODE_SIGN_STYLE = Automatic;
				CURRENT_PROJECT_VERSION = 1;
				DEVELOPMENT_ASSET_PATHS = "\"MixplorerUI/Preview Content\"";
				DEVELOPMENT_TEAM = U726X7Z83U;
				ENABLE_PREVIEWS = YES;
				GENERATE_INFOPLIST_FILE = YES;
				INFOPLIST_KEY_NSCameraUsageDescription = "This camera is used for AR";
				INFOPLIST_KEY_NSLocationWhenInUseUsageDescription = "Location is used for AR";
				INFOPLIST_KEY_NSPhotoLibraryAddUsageDescription = "Save photos of ARExperience";
				INFOPLIST_KEY_NSPhotoLibraryUsageDescription = "Save photos of AR experiences";
				INFOPLIST_KEY_UIApplicationSceneManifest_Generation = YES;
				INFOPLIST_KEY_UIApplicationSupportsIndirectInputEvents = YES;
				INFOPLIST_KEY_UILaunchScreen_Generation = YES;
				INFOPLIST_KEY_UISupportedInterfaceOrientations_iPad = "UIInterfaceOrientationPortrait UIInterfaceOrientationPortraitUpsideDown UIInterfaceOrientationLandscapeLeft UIInterfaceOrientationLandscapeRight";
				INFOPLIST_KEY_UISupportedInterfaceOrientations_iPhone = "UIInterfaceOrientationPortrait UIInterfaceOrientationLandscapeLeft UIInterfaceOrientationLandscapeRight";
				IPHONEOS_DEPLOYMENT_TARGET = 16.0;
				LD_RUNPATH_SEARCH_PATHS = (
					"$(inherited)",
					"@executable_path/Frameworks",
				);
				MARKETING_VERSION = 1.0;
				PRODUCT_BUNDLE_IDENTIFIER = umich.MixplorerU.wmz;
				PRODUCT_NAME = "$(TARGET_NAME)";
				SWIFT_EMIT_LOC_STRINGS = YES;
				SWIFT_VERSION = 5.0;
				TARGETED_DEVICE_FAMILY = "1,2";
			};
			name = Debug;
		};
		25B7AEBA29E322CC00FB1186 /* Release */ = {
			isa = XCBuildConfiguration;
			buildSettings = {
				ASSETCATALOG_COMPILER_APPICON_NAME = AppIcon;
				ASSETCATALOG_COMPILER_GLOBAL_ACCENT_COLOR_NAME = AccentColor;
				CODE_SIGN_STYLE = Automatic;
				CURRENT_PROJECT_VERSION = 1;
				DEVELOPMENT_ASSET_PATHS = "\"MixplorerUI/Preview Content\"";
				DEVELOPMENT_TEAM = U726X7Z83U;
				ENABLE_PREVIEWS = YES;
				GENERATE_INFOPLIST_FILE = YES;
				INFOPLIST_KEY_NSCameraUsageDescription = "This camera is used for AR";
				INFOPLIST_KEY_NSLocationWhenInUseUsageDescription = "Location is used for AR";
				INFOPLIST_KEY_NSPhotoLibraryAddUsageDescription = "Save photos of ARExperience";
				INFOPLIST_KEY_NSPhotoLibraryUsageDescription = "Save photos of AR experiences";
				INFOPLIST_KEY_UIApplicationSceneManifest_Generation = YES;
				INFOPLIST_KEY_UIApplicationSupportsIndirectInputEvents = YES;
				INFOPLIST_KEY_UILaunchScreen_Generation = YES;
				INFOPLIST_KEY_UISupportedInterfaceOrientations_iPad = "UIInterfaceOrientationPortrait UIInterfaceOrientationPortraitUpsideDown UIInterfaceOrientationLandscapeLeft UIInterfaceOrientationLandscapeRight";
				INFOPLIST_KEY_UISupportedInterfaceOrientations_iPhone = "UIInterfaceOrientationPortrait UIInterfaceOrientationLandscapeLeft UIInterfaceOrientationLandscapeRight";
				IPHONEOS_DEPLOYMENT_TARGET = 16.0;
				LD_RUNPATH_SEARCH_PATHS = (
					"$(inherited)",
					"@executable_path/Frameworks",
				);
				MARKETING_VERSION = 1.0;
				PRODUCT_BUNDLE_IDENTIFIER = umich.MixplorerU.wmz;
				PRODUCT_NAME = "$(TARGET_NAME)";
				SWIFT_EMIT_LOC_STRINGS = YES;
				SWIFT_VERSION = 5.0;
				TARGETED_DEVICE_FAMILY = "1,2";
			};
			name = Release;
		};
/* End XCBuildConfiguration section */

/* Begin XCConfigurationList section */
		25B7AEA529E322CB00FB1186 /* Build configuration list for PBXProject "MixplorerUI" */ = {
			isa = XCConfigurationList;
			buildConfigurations = (
				25B7AEB629E322CC00FB1186 /* Debug */,
				25B7AEB729E322CC00FB1186 /* Release */,
			);
			defaultConfigurationIsVisible = 0;
			defaultConfigurationName = Release;
		};
		25B7AEB829E322CC00FB1186 /* Build configuration list for PBXNativeTarget "MixplorerUI" */ = {
			isa = XCConfigurationList;
			buildConfigurations = (
				25B7AEB929E322CC00FB1186 /* Debug */,
				25B7AEBA29E322CC00FB1186 /* Release */,
			);
			defaultConfigurationIsVisible = 0;
			defaultConfigurationName = Release;
		};
/* End XCConfigurationList section */

/* Begin XCRemoteSwiftPackageReference section */
		25B7AEBD29E3233500FB1186 /* XCRemoteSwiftPackageReference "HalfASheet" */ = {
			isa = XCRemoteSwiftPackageReference;
			repositoryURL = "https://github.com/franklynw/HalfASheet";
			requirement = {
				kind = upToNextMajorVersion;
				minimumVersion = 1.0.0;
			};
		};
		88D0188829E35FB00099D3E1 /* XCRemoteSwiftPackageReference "firebase-ios-sdk" */ = {
			isa = XCRemoteSwiftPackageReference;
			repositoryURL = "https://github.com/firebase/firebase-ios-sdk.git";
			requirement = {
				kind = upToNextMajorVersion;
				minimumVersion = 10.0.0;
			};
		};
/* End XCRemoteSwiftPackageReference section */

/* Begin XCSwiftPackageProductDependency section */
		25B7AEBE29E3233500FB1186 /* HalfASheet */ = {
			isa = XCSwiftPackageProductDependency;
			package = 25B7AEBD29E3233500FB1186 /* XCRemoteSwiftPackageReference "HalfASheet" */;
			productName = HalfASheet;
		};
		88D0188929E35FB00099D3E1 /* FirebaseAnalytics */ = {
			isa = XCSwiftPackageProductDependency;
			package = 88D0188829E35FB00099D3E1 /* XCRemoteSwiftPackageReference "firebase-ios-sdk" */;
			productName = FirebaseAnalytics;
		};
		88D0188B29E35FB00099D3E1 /* FirebaseAnalyticsOnDeviceConversion */ = {
			isa = XCSwiftPackageProductDependency;
			package = 88D0188829E35FB00099D3E1 /* XCRemoteSwiftPackageReference "firebase-ios-sdk" */;
			productName = FirebaseAnalyticsOnDeviceConversion;
		};
		88D0188D29E35FB00099D3E1 /* FirebaseAnalyticsSwift */ = {
			isa = XCSwiftPackageProductDependency;
			package = 88D0188829E35FB00099D3E1 /* XCRemoteSwiftPackageReference "firebase-ios-sdk" */;
			productName = FirebaseAnalyticsSwift;
		};
		88D0188F29E35FB00099D3E1 /* FirebaseAnalyticsWithoutAdIdSupport */ = {
			isa = XCSwiftPackageProductDependency;
			package = 88D0188829E35FB00099D3E1 /* XCRemoteSwiftPackageReference "firebase-ios-sdk" */;
			productName = FirebaseAnalyticsWithoutAdIdSupport;
		};
		88D0189129E35FB00099D3E1 /* FirebaseAppCheck */ = {
			isa = XCSwiftPackageProductDependency;
			package = 88D0188829E35FB00099D3E1 /* XCRemoteSwiftPackageReference "firebase-ios-sdk" */;
			productName = FirebaseAppCheck;
		};
		88D0189329E35FB00099D3E1 /* FirebaseAuth */ = {
			isa = XCSwiftPackageProductDependency;
			package = 88D0188829E35FB00099D3E1 /* XCRemoteSwiftPackageReference "firebase-ios-sdk" */;
			productName = FirebaseAuth;
		};
		88D0189529E35FB00099D3E1 /* FirebaseDatabase */ = {
			isa = XCSwiftPackageProductDependency;
			package = 88D0188829E35FB00099D3E1 /* XCRemoteSwiftPackageReference "firebase-ios-sdk" */;
			productName = FirebaseDatabase;
		};
		88D0189729E35FB00099D3E1 /* FirebaseFirestore */ = {
			isa = XCSwiftPackageProductDependency;
			package = 88D0188829E35FB00099D3E1 /* XCRemoteSwiftPackageReference "firebase-ios-sdk" */;
			productName = FirebaseFirestore;
		};
		88D0189929E35FB00099D3E1 /* FirebaseStorage */ = {
			isa = XCSwiftPackageProductDependency;
			package = 88D0188829E35FB00099D3E1 /* XCRemoteSwiftPackageReference "firebase-ios-sdk" */;
			productName = FirebaseStorage;
		};
/* End XCSwiftPackageProductDependency section */
	};
	rootObject = 25B7AEA229E322CB00FB1186 /* Project object */;
}
